
Microsoft Visual Studio Solution File, Format Version 12.00
# Visual Studio Version 17
VisualStudioVersion = 17.0.31903.59
MinimumVisualStudioVersion = 10.0.40219.1
Project("{2150E333-8FDC-42A3-9474-1A3956D46DE8}") = "src", "src", "{CFFD3E6E-17EE-40A1-B0F6-A8EDA945C347}"
EndProject
Project("{FAE04EC0-301F-11D3-BF4B-00C04F79EFBC}") = "Mcp", "src\Mcp\Mcp.csproj", "{84AE10F4-DB93-4A95-9171-7EF8D1B97C1A}"
EndProject
Project("{2150E333-8FDC-42A3-9474-1A3956D46DE8}") = "tests", "tests", "{5262DDFB-BCBE-45A9-9C4C-C0F2CCFEB5B6}"
EndProject
Project("{FAE04EC0-301F-11D3-BF4B-00C04F79EFBC}") = "Mcp.Tests", "tests\Mcp.Tests\Mcp.Tests.csproj", "{AA1DFE07-FF4A-4641-806F-AB789D9DADF4}"
EndProject
Global
	GlobalSection(SolutionConfigurationPlatforms) = preSolution
		Debug|Any CPU = Debug|Any CPU
		Release|Any CPU = Release|Any CPU
	EndGlobalSection
	GlobalSection(SolutionProperties) = preSolution
		HideSolutionNode = FALSE
	EndGlobalSection
	GlobalSection(ProjectConfigurationPlatforms) = postSolution
		{84AE10F4-DB93-4A95-9171-7EF8D1B97C1A}.Debug|Any CPU.ActiveCfg = Debug|Any CPU
		{84AE10F4-DB93-4A95-9171-7EF8D1B97C1A}.Debug|Any CPU.Build.0 = Debug|Any CPU
		{84AE10F4-DB93-4A95-9171-7EF8D1B97C1A}.Release|Any CPU.ActiveCfg = Release|Any CPU
		{84AE10F4-DB93-4A95-9171-7EF8D1B97C1A}.Release|Any CPU.Build.0 = Release|Any CPU
		{AA1DFE07-FF4A-4641-806F-AB789D9DADF4}.Debug|Any CPU.ActiveCfg = Debug|Any CPU
		{AA1DFE07-FF4A-4641-806F-AB789D9DADF4}.Debug|Any CPU.Build.0 = Debug|Any CPU
		{AA1DFE07-FF4A-4641-806F-AB789D9DADF4}.Release|Any CPU.ActiveCfg = Release|Any CPU
		{AA1DFE07-FF4A-4641-806F-AB789D9DADF4}.Release|Any CPU.Build.0 = Release|Any CPU
	EndGlobalSection
	GlobalSection(NestedProjects) = preSolution
		{84AE10F4-DB93-4A95-9171-7EF8D1B97C1A} = {CFFD3E6E-17EE-40A1-B0F6-A8EDA945C347}
		{AA1DFE07-FF4A-4641-806F-AB789D9DADF4} = {5262DDFB-BCBE-45A9-9C4C-C0F2CCFEB5B6}
	EndGlobalSection
EndGlobal
